# THIS IS AN AUTOGENERATED FILE. DO NOT EDIT THIS FILE DIRECTLY.
# yarn lockfile v1


busboy@^1.6.0:
  version "1.6.0"
  resolved "https://registry.yarnpkg.com/busboy/-/busboy-1.6.0.tgz#966ea36a9502e43cdb9146962523b92f531f6893"
  integrity sha512-8SFQbg/0hQ9xy3UNTB0YEnsNBbWfhf7RtnzpL7TkBiTBRfrQ9Fxcnz7VJsleJpyp6rVLvXiuORqjlHi5q+PYuA==
  dependencies:
    streamsearch "^1.1.0"

eris@^0.17.1:
  version "0.17.1"
  resolved "https://registry.yarnpkg.com/eris/-/eris-0.17.1.tgz#c2ddc44ae5bc876ea20d251ae7fafcae0fbecd86"
  integrity sha512-PexpHusPxViuzcsSM0GQEAgZRJbziFfeeLifc8+ZrvS88UusPieQlUD7pRm28E7m7rN+p+Rt6bf9jGLwD725Zg==
  dependencies:
    ws "^8.2.3"
  optionalDependencies:
    opusscript "^0.0.8"
    tweetnacl "^1.0.3"

opusscript@^0.0.8:
  version "0.0.8"
  resolved "https://registry.yarnpkg.com/opusscript/-/opusscript-0.0.8.tgz#00b49e81281b4d99092d013b1812af8654bd0a87"
  integrity sha512-VSTi1aWFuCkRCVq+tx/BQ5q9fMnQ9pVZ3JU4UHKqTkf0ED3fKEPdr+gKAAl3IA2hj9rrP6iyq3hlcJq3HELtNQ==

streamsearch@^1.1.0:
  version "1.1.0"
  resolved "https://registry.yarnpkg.com/streamsearch/-/streamsearch-1.1.0.tgz#404dd1e2247ca94af554e841a8ef0eaa238da764"
  integrity sha512-Mcc5wHehp9aXz1ax6bZUyY5afg9u2rv5cqQI3mRrYkGC8rW2hM02jWuwjtL++LS5qinSyhj2QfLyNsuc+VsExg==

tweetnacl@^1.0.3:
  version "1.0.3"
  resolved "https://registry.yarnpkg.com/tweetnacl/-/tweetnacl-1.0.3.tgz#ac0af71680458d8a6378d0d0d050ab1407d35596"
  integrity sha512-6rt+RN7aOi1nGMyC4Xa5DdYiukl2UWCbcJft7YhxReBGQD7OAM8Pbxw6YMo4r2diNEA8FEmu32YOn9rhaiE5yw==

undici@^5.11.0:
  version "5.11.0"
  resolved "https://registry.yarnpkg.com/undici/-/undici-5.11.0.tgz#1db25f285821828fc09d3804b9e2e934ae86fc13"
  integrity sha512-oWjWJHzFet0Ow4YZBkyiJwiK5vWqEYoH7BINzJAJOLedZ++JpAlCbUktW2GQ2DS2FpKmxD/JMtWUUWl1BtghGw==
  dependencies:
    busboy "^1.6.0"

ws@^8.2.3:
  version "8.5.0"
  resolved "https://registry.yarnpkg.com/ws/-/ws-8.5.0.tgz#bfb4be96600757fe5382de12c670dab984a1ed4f"
  integrity sha512-BWX0SWVgLPzYwF8lTzEy1egjhS4S4OEAHfsO8o65WOVsrnSRGaSiUaa9e0ggGlkMTtBlmOpEXiie9RUcBO86qg==
